
Microsoft Visual Studio Solution File, Format Version 12.00
# Visual Studio Version 16
VisualStudioVersion = 16.0.30503.244
MinimumVisualStudioVersion = 10.0.40219.1
Project("{FAE04EC0-301F-11D3-BF4B-00C04F79EFBC}") = "ComputerHardwareStore", "ComputerHardwareStore\ComputerHardwareStore.csproj", "{3BCEA7B7-E5C0-464A-A2D6-698D4F63AA67}"
EndProject
Global
	GlobalSection(SolutionConfigurationPlatforms) = preSolution
		Debug|Any CPU = Debug|Any CPU
		Release|Any CPU = Release|Any CPU
	EndGlobalSection
	GlobalSection(ProjectConfigurationPlatforms) = postSolution
		{3BCEA7B7-E5C0-464A-A2D6-698D4F63AA67}.Debug|Any CPU.ActiveCfg = Debug|Any CPU
		{3BCEA7B7-E5C0-464A-A2D6-698D4F63AA67}.Debug|Any CPU.Build.0 = Debug|Any CPU
		{3BCEA7B7-E5C0-464A-A2D6-698D4F63AA67}.Release|Any CPU.ActiveCfg = Release|Any CPU
		{3BCEA7B7-E5C0-464A-A2D6-698D4F63AA67}.Release|Any CPU.Build.0 = Release|Any CPU
	EndGlobalSection
	GlobalSection(SolutionProperties) = preSolution
		HideSolutionNode = FALSE
	EndGlobalSection
	GlobalSection(ExtensibilityGlobals) = postSolution
		SolutionGuid = {1BAFDE57-FCCF-4795-99CC-2D583D8AA089}
	EndGlobalSection
EndGlobal
